// !$*UTF8*$!
{
	archiveVersion = 1;
	classes = {
	};
	objectVersion = 50;
	objects = {

/* Begin PBXBuildFile section */
		1B065C4026B45644003F6A41 /* PhotoPicker.swift in Sources */ = {isa = PBXBuildFile; fileRef = 1B065C3F26B45644003F6A41 /* PhotoPicker.swift */; };
		1B065C8826B6FCBD003F6A41 /* AudioRecorder.swift in Sources */ = {isa = PBXBuildFile; fileRef = 1B065C8726B6FCBD003F6A41 /* AudioRecorder.swift */; };
		1B065C8A26B6FCD0003F6A41 /* Recording.swift in Sources */ = {isa = PBXBuildFile; fileRef = 1B065C8926B6FCD0003F6A41 /* Recording.swift */; };
		1B065C8C26B6FCDB003F6A41 /* Extension.swift in Sources */ = {isa = PBXBuildFile; fileRef = 1B065C8B26B6FCDB003F6A41 /* Extension.swift */; };
		1B065C8F26B6FD4B003F6A41 /* RecordingListView.swift in Sources */ = {isa = PBXBuildFile; fileRef = 1B065C8E26B6FD4B003F6A41 /* RecordingListView.swift */; };
		1B226B2826994479004774CF /* PracticePieceView.swift in Sources */ = {isa = PBXBuildFile; fileRef = 1B226B2726994479004774CF /* PracticePieceView.swift */; };
		1B3413A6269B6E3800AD63BA /* RecordingPieceView.swift in Sources */ = {isa = PBXBuildFile; fileRef = 1B3413A5269B6E3800AD63BA /* RecordingPieceView.swift */; };
		1B38725726957C4800A6A203 /* AllPiecesDetailView.swift in Sources */ = {isa = PBXBuildFile; fileRef = 1B38725626957C4800A6A203 /* AllPiecesDetailView.swift */; };
		1B38725A26957EBB00A6A203 /* SongView.swift in Sources */ = {isa = PBXBuildFile; fileRef = 1B38725926957EBB00A6A203 /* SongView.swift */; };
		1B38725D2695A9CC00A6A203 /* AllPiecesAddView.swift in Sources */ = {isa = PBXBuildFile; fileRef = 1B38725C2695A9CC00A6A203 /* AllPiecesAddView.swift */; };
		1B3872652695EDD100A6A203 /* PracticePiece.swift in Sources */ = {isa = PBXBuildFile; fileRef = 1B3872642695EDD100A6A203 /* PracticePiece.swift */; };
		1B38726726960F8200A6A203 /* RectangleView.swift in Sources */ = {isa = PBXBuildFile; fileRef = 1B38726626960F8200A6A203 /* RectangleView.swift */; };
		1BB79DCB269844E5006E8F05 /* Setting.swift in Sources */ = {isa = PBXBuildFile; fileRef = 1BB79DCA269844E5006E8F05 /* Setting.swift */; };
		1BC84BDB2693FF3C00684DA7 /* PracticeView.swift in Sources */ = {isa = PBXBuildFile; fileRef = 1BC84BDA2693FF3C00684DA7 /* PracticeView.swift */; };
		1BC84BDD2693FFB400684DA7 /* Song.swift in Sources */ = {isa = PBXBuildFile; fileRef = 1BC84BDC2693FFB400684DA7 /* Song.swift */; };
		1BC84BDF2694768300684DA7 /* RecordingView.swift in Sources */ = {isa = PBXBuildFile; fileRef = 1BC84BDE2694768300684DA7 /* RecordingView.swift */; };
		1BDF85CF25D7F4C700ABE572 /* Piano_Practice_AppApp.swift in Sources */ = {isa = PBXBuildFile; fileRef = 1BDF85CE25D7F4C700ABE572 /* Piano_Practice_AppApp.swift */; };
		1BDF85D125D7F4C700ABE572 /* Pianoman.swift in Sources */ = {isa = PBXBuildFile; fileRef = 1BDF85D025D7F4C700ABE572 /* Pianoman.swift */; };
		1BDF85D325D7F4C800ABE572 /* Assets.xcassets in Resources */ = {isa = PBXBuildFile; fileRef = 1BDF85D225D7F4C800ABE572 /* Assets.xcassets */; };
		1BDF85FD25D7F50F00ABE572 /* HomeView.swift in Sources */ = {isa = PBXBuildFile; fileRef = 1BDF85FC25D7F50F00ABE572 /* HomeView.swift */; };
		1BDF860525D7F64400ABE572 /* AllPiecesView.swift in Sources */ = {isa = PBXBuildFile; fileRef = 1BDF860425D7F64400ABE572 /* AllPiecesView.swift */; };
		1BDF860A25D7F6DA00ABE572 /* SettingView.swift in Sources */ = {isa = PBXBuildFile; fileRef = 1BDF860925D7F6DA00ABE572 /* SettingView.swift */; };
		1BF7777926A8396B00F99EC0 /* Queue.swift in Sources */ = {isa = PBXBuildFile; fileRef = 1BF7777826A8396A00F99EC0 /* Queue.swift */; };
		1BF777D926AC650700F99EC0 /* RectanglePlayView.swift in Sources */ = {isa = PBXBuildFile; fileRef = 1BF777D826AC650700F99EC0 /* RectanglePlayView.swift */; };
		1BF7780126AFCC4D00F99EC0 /* SongModel.swift in Sources */ = {isa = PBXBuildFile; fileRef = 1BF7780026AFCC4D00F99EC0 /* SongModel.swift */; };
/* End PBXBuildFile section */

/* Begin PBXContainerItemProxy section */
		1BDF85DD25D7F4C800ABE572 /* PBXContainerItemProxy */ = {
			isa = PBXContainerItemProxy;
			containerPortal = 1BDF85C325D7F4C700ABE572 /* Project object */;
			proxyType = 1;
			remoteGlobalIDString = 1BDF85CA25D7F4C700ABE572;
			remoteInfo = "Piano Practice App";
		};
		1BDF85E825D7F4C800ABE572 /* PBXContainerItemProxy */ = {
			isa = PBXContainerItemProxy;
			containerPortal = 1BDF85C325D7F4C700ABE572 /* Project object */;
			proxyType = 1;
			remoteGlobalIDString = 1BDF85CA25D7F4C700ABE572;
			remoteInfo = "Piano Practice App";
		};
/* End PBXContainerItemProxy section */

/* Begin PBXFileReference section */
		1B065C3F26B45644003F6A41 /* PhotoPicker.swift */ = {isa = PBXFileReference; lastKnownFileType = sourcecode.swift; path = PhotoPicker.swift; sourceTree = "<group>"; };
		1B065C8726B6FCBD003F6A41 /* AudioRecorder.swift */ = {isa = PBXFileReference; lastKnownFileType = sourcecode.swift; path = AudioRecorder.swift; sourceTree = "<group>"; };
		1B065C8926B6FCD0003F6A41 /* Recording.swift */ = {isa = PBXFileReference; lastKnownFileType = sourcecode.swift; path = Recording.swift; sourceTree = "<group>"; };
		1B065C8B26B6FCDB003F6A41 /* Extension.swift */ = {isa = PBXFileReference; lastKnownFileType = sourcecode.swift; path = Extension.swift; sourceTree = "<group>"; };
		1B065C8E26B6FD4B003F6A41 /* RecordingListView.swift */ = {isa = PBXFileReference; lastKnownFileType = sourcecode.swift; path = RecordingListView.swift; sourceTree = "<group>"; };
		1B226B2726994479004774CF /* PracticePieceView.swift */ = {isa = PBXFileReference; lastKnownFileType = sourcecode.swift; path = PracticePieceView.swift; sourceTree = "<group>"; };
		1B3413A5269B6E3800AD63BA /* RecordingPieceView.swift */ = {isa = PBXFileReference; lastKnownFileType = sourcecode.swift; path = RecordingPieceView.swift; sourceTree = "<group>"; };
		1B38725626957C4800A6A203 /* AllPiecesDetailView.swift */ = {isa = PBXFileReference; lastKnownFileType = sourcecode.swift; path = AllPiecesDetailView.swift; sourceTree = "<group>"; };
		1B38725926957EBB00A6A203 /* SongView.swift */ = {isa = PBXFileReference; lastKnownFileType = sourcecode.swift; path = SongView.swift; sourceTree = "<group>"; };
		1B38725C2695A9CC00A6A203 /* AllPiecesAddView.swift */ = {isa = PBXFileReference; lastKnownFileType = sourcecode.swift; path = AllPiecesAddView.swift; sourceTree = "<group>"; };
		1B3872642695EDD100A6A203 /* PracticePiece.swift */ = {isa = PBXFileReference; lastKnownFileType = sourcecode.swift; path = PracticePiece.swift; sourceTree = "<group>"; };
		1B38726626960F8200A6A203 /* RectangleView.swift */ = {isa = PBXFileReference; lastKnownFileType = sourcecode.swift; path = RectangleView.swift; sourceTree = "<group>"; };
		1BB79DCA269844E5006E8F05 /* Setting.swift */ = {isa = PBXFileReference; lastKnownFileType = sourcecode.swift; path = Setting.swift; sourceTree = "<group>"; };
		1BC84BDA2693FF3C00684DA7 /* PracticeView.swift */ = {isa = PBXFileReference; lastKnownFileType = sourcecode.swift; path = PracticeView.swift; sourceTree = "<group>"; };
		1BC84BDC2693FFB400684DA7 /* Song.swift */ = {isa = PBXFileReference; lastKnownFileType = sourcecode.swift; path = Song.swift; sourceTree = "<group>"; };
		1BC84BDE2694768300684DA7 /* RecordingView.swift */ = {isa = PBXFileReference; lastKnownFileType = sourcecode.swift; path = RecordingView.swift; sourceTree = "<group>"; };
		1BDF85CB25D7F4C700ABE572 /* Piano Practice App.app */ = {isa = PBXFileReference; explicitFileType = wrapper.application; includeInIndex = 0; path = "Piano Practice App.app"; sourceTree = BUILT_PRODUCTS_DIR; };
		1BDF85CE25D7F4C700ABE572 /* Piano_Practice_AppApp.swift */ = {isa = PBXFileReference; lastKnownFileType = sourcecode.swift; path = Piano_Practice_AppApp.swift; sourceTree = "<group>"; };
		1BDF85D025D7F4C700ABE572 /* Pianoman.swift */ = {isa = PBXFileReference; lastKnownFileType = sourcecode.swift; path = Pianoman.swift; sourceTree = "<group>"; };
		1BDF85D225D7F4C800ABE572 /* Assets.xcassets */ = {isa = PBXFileReference; lastKnownFileType = folder.assetcatalog; path = Assets.xcassets; sourceTree = "<group>"; };
		1BDF85D725D7F4C800ABE572 /* Info.plist */ = {isa = PBXFileReference; lastKnownFileType = text.plist.xml; path = Info.plist; sourceTree = "<group>"; };
		1BDF85DC25D7F4C800ABE572 /* Piano Practice AppTests.xctest */ = {isa = PBXFileReference; explicitFileType = wrapper.cfbundle; includeInIndex = 0; path = "Piano Practice AppTests.xctest"; sourceTree = BUILT_PRODUCTS_DIR; };
		1BDF85E725D7F4C800ABE572 /* Piano Practice AppUITests.xctest */ = {isa = PBXFileReference; explicitFileType = wrapper.cfbundle; includeInIndex = 0; path = "Piano Practice AppUITests.xctest"; sourceTree = BUILT_PRODUCTS_DIR; };
		1BDF85FC25D7F50F00ABE572 /* HomeView.swift */ = {isa = PBXFileReference; lastKnownFileType = sourcecode.swift; path = HomeView.swift; sourceTree = "<group>"; };
		1BDF860425D7F64400ABE572 /* AllPiecesView.swift */ = {isa = PBXFileReference; lastKnownFileType = sourcecode.swift; path = AllPiecesView.swift; sourceTree = "<group>"; };
		1BDF860925D7F6DA00ABE572 /* SettingView.swift */ = {isa = PBXFileReference; lastKnownFileType = sourcecode.swift; path = SettingView.swift; sourceTree = "<group>"; };
		1BF7777826A8396A00F99EC0 /* Queue.swift */ = {isa = PBXFileReference; lastKnownFileType = sourcecode.swift; path = Queue.swift; sourceTree = "<group>"; };
		1BF777D826AC650700F99EC0 /* RectanglePlayView.swift */ = {isa = PBXFileReference; lastKnownFileType = sourcecode.swift; path = RectanglePlayView.swift; sourceTree = "<group>"; };
		1BF7780026AFCC4D00F99EC0 /* SongModel.swift */ = {isa = PBXFileReference; lastKnownFileType = sourcecode.swift; path = SongModel.swift; sourceTree = "<group>"; };
/* End PBXFileReference section */

/* Begin PBXFrameworksBuildPhase section */
		1BDF85C825D7F4C700ABE572 /* Frameworks */ = {
			isa = PBXFrameworksBuildPhase;
			buildActionMask = 2147483647;
			files = (
			);
			runOnlyForDeploymentPostprocessing = 0;
		};
		1BDF85D925D7F4C800ABE572 /* Frameworks */ = {
			isa = PBXFrameworksBuildPhase;
			buildActionMask = 2147483647;
			files = (
			);
			runOnlyForDeploymentPostprocessing = 0;
		};
		1BDF85E425D7F4C800ABE572 /* Frameworks */ = {
			isa = PBXFrameworksBuildPhase;
			buildActionMask = 2147483647;
			files = (
			);
			runOnlyForDeploymentPostprocessing = 0;
		};
/* End PBXFrameworksBuildPhase section */

/* Begin PBXGroup section */
		1B065C8D26B6FCE9003F6A41 /* Recording */ = {
			isa = PBXGroup;
			children = (
				1B065C8926B6FCD0003F6A41 /* Recording.swift */,
				1B065C8B26B6FCDB003F6A41 /* Extension.swift */,
			);
			path = Recording;
			sourceTree = "<group>";
		};
		1B3413A4269B6DFB00AD63BA /* RecordingView */ = {
			isa = PBXGroup;
			children = (
				1BC84BDE2694768300684DA7 /* RecordingView.swift */,
				1B065C8E26B6FD4B003F6A41 /* RecordingListView.swift */,
				1B3413A5269B6E3800AD63BA /* RecordingPieceView.swift */,
			);
			path = RecordingView;
			sourceTree = "<group>";
		};
		1B38725826957EA500A6A203 /* Reusable Component */ = {
			isa = PBXGroup;
			children = (
				1B38725926957EBB00A6A203 /* SongView.swift */,
				1B226B2726994479004774CF /* PracticePieceView.swift */,
				1B38726626960F8200A6A203 /* RectangleView.swift */,
				1BF777D826AC650700F99EC0 /* RectanglePlayView.swift */,
			);
			path = "Reusable Component";
			sourceTree = "<group>";
		};
		1B38725B26957F8E00A6A203 /* View */ = {
			isa = PBXGroup;
			children = (
				1BDF85D025D7F4C700ABE572 /* Pianoman.swift */,
				1BDF85FC25D7F50F00ABE572 /* HomeView.swift */,
				1BC84BDA2693FF3C00684DA7 /* PracticeView.swift */,
				1B3413A4269B6DFB00AD63BA /* RecordingView */,
				1BB79DC726982A4D006E8F05 /* AllPiecesView */,
				1BDF860925D7F6DA00ABE572 /* SettingView.swift */,
				1B38725826957EA500A6A203 /* Reusable Component */,
			);
			path = View;
			sourceTree = "<group>";
		};
		1BB79DC22696D09B006E8F05 /* Model */ = {
			isa = PBXGroup;
			children = (
				1BC84BDC2693FFB400684DA7 /* Song.swift */,
				1B3872642695EDD100A6A203 /* PracticePiece.swift */,
				1BF7777826A8396A00F99EC0 /* Queue.swift */,
				1B065C3F26B45644003F6A41 /* PhotoPicker.swift */,
				1B065C8D26B6FCE9003F6A41 /* Recording */,
			);
			path = Model;
			sourceTree = "<group>";
		};
		1BB79DC726982A4D006E8F05 /* AllPiecesView */ = {
			isa = PBXGroup;
			children = (
				1BDF860425D7F64400ABE572 /* AllPiecesView.swift */,
				1B38725626957C4800A6A203 /* AllPiecesDetailView.swift */,
				1B38725C2695A9CC00A6A203 /* AllPiecesAddView.swift */,
			);
			path = AllPiecesView;
			sourceTree = "<group>";
		};
		1BDF85C225D7F4C700ABE572 = {
			isa = PBXGroup;
			children = (
				1BDF85CD25D7F4C700ABE572 /* Piano Practice App */,
				1BDF85CC25D7F4C700ABE572 /* Products */,
			);
			sourceTree = "<group>";
		};
		1BDF85CC25D7F4C700ABE572 /* Products */ = {
			isa = PBXGroup;
			children = (
				1BDF85CB25D7F4C700ABE572 /* Piano Practice App.app */,
				1BDF85DC25D7F4C800ABE572 /* Piano Practice AppTests.xctest */,
				1BDF85E725D7F4C800ABE572 /* Piano Practice AppUITests.xctest */,
			);
			name = Products;
			sourceTree = "<group>";
		};
		1BDF85CD25D7F4C700ABE572 /* Piano Practice App */ = {
			isa = PBXGroup;
			children = (
				1BDF85CE25D7F4C700ABE572 /* Piano_Practice_AppApp.swift */,
				1BDF85D225D7F4C800ABE572 /* Assets.xcassets */,
				1BDF85D725D7F4C800ABE572 /* Info.plist */,
				1B38725B26957F8E00A6A203 /* View */,
				1BB79DC22696D09B006E8F05 /* Model */,
				1BF777FD26AFCC3000F99EC0 /* ViewModel */,
			);
			path = "Piano Practice App";
			sourceTree = "<group>";
		};
		1BF777FD26AFCC3000F99EC0 /* ViewModel */ = {
			isa = PBXGroup;
			children = (
				1BF7780026AFCC4D00F99EC0 /* SongModel.swift */,
				1BB79DCA269844E5006E8F05 /* Setting.swift */,
				1B065C8726B6FCBD003F6A41 /* AudioRecorder.swift */,
			);
			path = ViewModel;
			sourceTree = "<group>";
		};
/* End PBXGroup section */

/* Begin PBXNativeTarget section */
		1BDF85CA25D7F4C700ABE572 /* Piano Practice App */ = {
			isa = PBXNativeTarget;
			buildConfigurationList = 1BDF85F025D7F4C800ABE572 /* Build configuration list for PBXNativeTarget "Piano Practice App" */;
			buildPhases = (
				1BDF85C725D7F4C700ABE572 /* Sources */,
				1BDF85C825D7F4C700ABE572 /* Frameworks */,
				1BDF85C925D7F4C700ABE572 /* Resources */,
			);
			buildRules = (
			);
			dependencies = (
			);
			name = "Piano Practice App";
			productName = "Piano Practice App";
			productReference = 1BDF85CB25D7F4C700ABE572 /* Piano Practice App.app */;
			productType = "com.apple.product-type.application";
		};
		1BDF85DB25D7F4C800ABE572 /* Piano Practice AppTests */ = {
			isa = PBXNativeTarget;
			buildConfigurationList = 1BDF85F325D7F4C800ABE572 /* Build configuration list for PBXNativeTarget "Piano Practice AppTests" */;
			buildPhases = (
				1BDF85D825D7F4C800ABE572 /* Sources */,
				1BDF85D925D7F4C800ABE572 /* Frameworks */,
				1BDF85DA25D7F4C800ABE572 /* Resources */,
			);
			buildRules = (
			);
			dependencies = (
				1BDF85DE25D7F4C800ABE572 /* PBXTargetDependency */,
			);
			name = "Piano Practice AppTests";
			productName = "Piano Practice AppTests";
			productReference = 1BDF85DC25D7F4C800ABE572 /* Piano Practice AppTests.xctest */;
			productType = "com.apple.product-type.bundle.unit-test";
		};
		1BDF85E625D7F4C800ABE572 /* Piano Practice AppUITests */ = {
			isa = PBXNativeTarget;
			buildConfigurationList = 1BDF85F625D7F4C800ABE572 /* Build configuration list for PBXNativeTarget "Piano Practice AppUITests" */;
			buildPhases = (
				1BDF85E325D7F4C800ABE572 /* Sources */,
				1BDF85E425D7F4C800ABE572 /* Frameworks */,
				1BDF85E525D7F4C800ABE572 /* Resources */,
			);
			buildRules = (
			);
			dependencies = (
				1BDF85E925D7F4C800ABE572 /* PBXTargetDependency */,
			);
			name = "Piano Practice AppUITests";
			productName = "Piano Practice AppUITests";
			productReference = 1BDF85E725D7F4C800ABE572 /* Piano Practice AppUITests.xctest */;
			productType = "com.apple.product-type.bundle.ui-testing";
		};
/* End PBXNativeTarget section */

/* Begin PBXProject section */
		1BDF85C325D7F4C700ABE572 /* Project object */ = {
			isa = PBXProject;
			attributes = {
				LastSwiftUpdateCheck = 1240;
				LastUpgradeCheck = 1240;
				TargetAttributes = {
					1BDF85CA25D7F4C700ABE572 = {
						CreatedOnToolsVersion = 12.4;
					};
					1BDF85DB25D7F4C800ABE572 = {
						CreatedOnToolsVersion = 12.4;
						TestTargetID = 1BDF85CA25D7F4C700ABE572;
					};
					1BDF85E625D7F4C800ABE572 = {
						CreatedOnToolsVersion = 12.4;
						TestTargetID = 1BDF85CA25D7F4C700ABE572;
					};
				};
			};
			buildConfigurationList = 1BDF85C625D7F4C700ABE572 /* Build configuration list for PBXProject "Piano Practice App" */;
			compatibilityVersion = "Xcode 9.3";
			developmentRegion = en;
			hasScannedForEncodings = 0;
			knownRegions = (
				en,
				Base,
			);
			mainGroup = 1BDF85C225D7F4C700ABE572;
			productRefGroup = 1BDF85CC25D7F4C700ABE572 /* Products */;
			projectDirPath = "";
			projectRoot = "";
			targets = (
				1BDF85CA25D7F4C700ABE572 /* Piano Practice App */,
				1BDF85DB25D7F4C800ABE572 /* Piano Practice AppTests */,
				1BDF85E625D7F4C800ABE572 /* Piano Practice AppUITests */,
			);
		};
/* End PBXProject section */

/* Begin PBXResourcesBuildPhase section */
		1BDF85C925D7F4C700ABE572 /* Resources */ = {
			isa = PBXResourcesBuildPhase;
			buildActionMask = 2147483647;
			files = (
				1BDF85D325D7F4C800ABE572 /* Assets.xcassets in Resources */,
			);
			runOnlyForDeploymentPostprocessing = 0;
		};
		1BDF85DA25D7F4C800ABE572 /* Resources */ = {
			isa = PBXResourcesBuildPhase;
			buildActionMask = 2147483647;
			files = (
			);
			runOnlyForDeploymentPostprocessing = 0;
		};
		1BDF85E525D7F4C800ABE572 /* Resources */ = {
			isa = PBXResourcesBuildPhase;
			buildActionMask = 2147483647;
			files = (
			);
			runOnlyForDeploymentPostprocessing = 0;
		};
/* End PBXResourcesBuildPhase section */

/* Begin PBXSourcesBuildPhase section */
		1BDF85C725D7F4C700ABE572 /* Sources */ = {
			isa = PBXSourcesBuildPhase;
			buildActionMask = 2147483647;
			files = (
				1B065C8C26B6FCDB003F6A41 /* Extension.swift in Sources */,
				1B38725726957C4800A6A203 /* AllPiecesDetailView.swift in Sources */,
				1BC84BDD2693FFB400684DA7 /* Song.swift in Sources */,
				1BDF85FD25D7F50F00ABE572 /* HomeView.swift in Sources */,
				1BC84BDB2693FF3C00684DA7 /* PracticeView.swift in Sources */,
				1BF777D926AC650700F99EC0 /* RectanglePlayView.swift in Sources */,
				1B38725D2695A9CC00A6A203 /* AllPiecesAddView.swift in Sources */,
				1BB79DCB269844E5006E8F05 /* Setting.swift in Sources */,
				1BDF860A25D7F6DA00ABE572 /* SettingView.swift in Sources */,
				1B065C4026B45644003F6A41 /* PhotoPicker.swift in Sources */,
				1BF7777926A8396B00F99EC0 /* Queue.swift in Sources */,
				1B3413A6269B6E3800AD63BA /* RecordingPieceView.swift in Sources */,
				1B065C8A26B6FCD0003F6A41 /* Recording.swift in Sources */,
				1BDF85D125D7F4C700ABE572 /* Pianoman.swift in Sources */,
				1B38726726960F8200A6A203 /* RectangleView.swift in Sources */,
				1BC84BDF2694768300684DA7 /* RecordingView.swift in Sources */,
				1B38725A26957EBB00A6A203 /* SongView.swift in Sources */,
				1B065C8826B6FCBD003F6A41 /* AudioRecorder.swift in Sources */,
				1BF7780126AFCC4D00F99EC0 /* SongModel.swift in Sources */,
				1BDF860525D7F64400ABE572 /* AllPiecesView.swift in Sources */,
				1B226B2826994479004774CF /* PracticePieceView.swift in Sources */,
				1B3872652695EDD100A6A203 /* PracticePiece.swift in Sources */,
				1B065C8F26B6FD4B003F6A41 /* RecordingListView.swift in Sources */,
				1BDF85CF25D7F4C700ABE572 /* Piano_Practice_AppApp.swift in Sources */,
			);
			runOnlyForDeploymentPostprocessing = 0;
		};
		1BDF85D825D7F4C800ABE572 /* Sources */ = {
			isa = PBXSourcesBuildPhase;
			buildActionMask = 2147483647;
			files = (
			);
			runOnlyForDeploymentPostprocessing = 0;
		};
		1BDF85E325D7F4C800ABE572 /* Sources */ = {
			isa = PBXSourcesBuildPhase;
			buildActionMask = 2147483647;
			files = (
			);
			runOnlyForDeploymentPostprocessing = 0;
		};
/* End PBXSourcesBuildPhase section */

/* Begin PBXTargetDependency section */
		1BDF85DE25D7F4C800ABE572 /* PBXTargetDependency */ = {
			isa = PBXTargetDependency;
			target = 1BDF85CA25D7F4C700ABE572 /* Piano Practice App */;
			targetProxy = 1BDF85DD25D7F4C800ABE572 /* PBXContainerItemProxy */;
		};
		1BDF85E925D7F4C800ABE572 /* PBXTargetDependency */ = {
			isa = PBXTargetDependency;
			target = 1BDF85CA25D7F4C700ABE572 /* Piano Practice App */;
			targetProxy = 1BDF85E825D7F4C800ABE572 /* PBXContainerItemProxy */;
		};
/* End PBXTargetDependency section */

/* Begin XCBuildConfiguration section */
		1BDF85EE25D7F4C800ABE572 /* Debug */ = {
			isa = XCBuildConfiguration;
			buildSettings = {
				ALWAYS_SEARCH_USER_PATHS = NO;
				CLANG_ANALYZER_NONNULL = YES;
				CLANG_ANALYZER_NUMBER_OBJECT_CONVERSION = YES_AGGRESSIVE;
				CLANG_CXX_LANGUAGE_STANDARD = "gnu++14";
				CLANG_CXX_LIBRARY = "libc++";
				CLANG_ENABLE_MODULES = YES;
				CLANG_ENABLE_OBJC_ARC = YES;
				CLANG_ENABLE_OBJC_WEAK = YES;
				CLANG_WARN_BLOCK_CAPTURE_AUTORELEASING = YES;
				CLANG_WARN_BOOL_CONVERSION = YES;
				CLANG_WARN_COMMA = YES;
				CLANG_WARN_CONSTANT_CONVERSION = YES;
				CLANG_WARN_DEPRECATED_OBJC_IMPLEMENTATIONS = YES;
				CLANG_WARN_DIRECT_OBJC_ISA_USAGE = YES_ERROR;
				CLANG_WARN_DOCUMENTATION_COMMENTS = YES;
				CLANG_WARN_EMPTY_BODY = YES;
				CLANG_WARN_ENUM_CONVERSION = YES;
				CLANG_WARN_INFINITE_RECURSION = YES;
				CLANG_WARN_INT_CONVERSION = YES;
				CLANG_WARN_NON_LITERAL_NULL_CONVERSION = YES;
				CLANG_WARN_OBJC_IMPLICIT_RETAIN_SELF = YES;
				CLANG_WARN_OBJC_LITERAL_CONVERSION = YES;
				CLANG_WARN_OBJC_ROOT_CLASS = YES_ERROR;
				CLANG_WARN_QUOTED_INCLUDE_IN_FRAMEWORK_HEADER = YES;
				CLANG_WARN_RANGE_LOOP_ANALYSIS = YES;
				CLANG_WARN_STRICT_PROTOTYPES = YES;
				CLANG_WARN_SUSPICIOUS_MOVE = YES;
				CLANG_WARN_UNGUARDED_AVAILABILITY = YES_AGGRESSIVE;
				CLANG_WARN_UNREACHABLE_CODE = YES;
				CLANG_WARN__DUPLICATE_METHOD_MATCH = YES;
				COPY_PHASE_STRIP = NO;
				DEBUG_INFORMATION_FORMAT = dwarf;
				ENABLE_STRICT_OBJC_MSGSEND = YES;
				ENABLE_TESTABILITY = YES;
				GCC_C_LANGUAGE_STANDARD = gnu11;
				GCC_DYNAMIC_NO_PIC = NO;
				GCC_NO_COMMON_BLOCKS = YES;
				GCC_OPTIMIZATION_LEVEL = 0;
				GCC_PREPROCESSOR_DEFINITIONS = (
					"DEBUG=1",
					"$(inherited)",
				);
				GCC_WARN_64_TO_32_BIT_CONVERSION = YES;
				GCC_WARN_ABOUT_RETURN_TYPE = YES_ERROR;
				GCC_WARN_UNDECLARED_SELECTOR = YES;
				GCC_WARN_UNINITIALIZED_AUTOS = YES_AGGRESSIVE;
				GCC_WARN_UNUSED_FUNCTION = YES;
				GCC_WARN_UNUSED_VARIABLE = YES;
				IPHONEOS_DEPLOYMENT_TARGET = 14.1;
				MTL_ENABLE_DEBUG_INFO = INCLUDE_SOURCE;
				MTL_FAST_MATH = YES;
				ONLY_ACTIVE_ARCH = YES;
				SDKROOT = iphoneos;
				SWIFT_ACTIVE_COMPILATION_CONDITIONS = DEBUG;
				SWIFT_OPTIMIZATION_LEVEL = "-Onone";
			};
			name = Debug;
		};
		1BDF85EF25D7F4C800ABE572 /* Release */ = {
			isa = XCBuildConfiguration;
			buildSettings = {
				ALWAYS_SEARCH_USER_PATHS = NO;
				CLANG_ANALYZER_NONNULL = YES;
				CLANG_ANALYZER_NUMBER_OBJECT_CONVERSION = YES_AGGRESSIVE;
				CLANG_CXX_LANGUAGE_STANDARD = "gnu++14";
				CLANG_CXX_LIBRARY = "libc++";
				CLANG_ENABLE_MODULES = YES;
				CLANG_ENABLE_OBJC_ARC = YES;
				CLANG_ENABLE_OBJC_WEAK = YES;
				CLANG_WARN_BLOCK_CAPTURE_AUTORELEASING = YES;
				CLANG_WARN_BOOL_CONVERSION = YES;
				CLANG_WARN_COMMA = YES;
				CLANG_WARN_CONSTANT_CONVERSION = YES;
				CLANG_WARN_DEPRECATED_OBJC_IMPLEMENTATIONS = YES;
				CLANG_WARN_DIRECT_OBJC_ISA_USAGE = YES_ERROR;
				CLANG_WARN_DOCUMENTATION_COMMENTS = YES;
				CLANG_WARN_EMPTY_BODY = YES;
				CLANG_WARN_ENUM_CONVERSION = YES;
				CLANG_WARN_INFINITE_RECURSION = YES;
				CLANG_WARN_INT_CONVERSION = YES;
				CLANG_WARN_NON_LITERAL_NULL_CONVERSION = YES;
				CLANG_WARN_OBJC_IMPLICIT_RETAIN_SELF = YES;
				CLANG_WARN_OBJC_LITERAL_CONVERSION = YES;
				CLANG_WARN_OBJC_ROOT_CLASS = YES_ERROR;
				CLANG_WARN_QUOTED_INCLUDE_IN_FRAMEWORK_HEADER = YES;
				CLANG_WARN_RANGE_LOOP_ANALYSIS = YES;
				CLANG_WARN_STRICT_PROTOTYPES = YES;
				CLANG_WARN_SUSPICIOUS_MOVE = YES;
				CLANG_WARN_UNGUARDED_AVAILABILITY = YES_AGGRESSIVE;
				CLANG_WARN_UNREACHABLE_CODE = YES;
				CLANG_WARN__DUPLICATE_METHOD_MATCH = YES;
				COPY_PHASE_STRIP = NO;
				DEBUG_INFORMATION_FORMAT = "dwarf-with-dsym";
				ENABLE_NS_ASSERTIONS = NO;
				ENABLE_STRICT_OBJC_MSGSEND = YES;
				GCC_C_LANGUAGE_STANDARD = gnu11;
				GCC_NO_COMMON_BLOCKS = YES;
				GCC_WARN_64_TO_32_BIT_CONVERSION = YES;
				GCC_WARN_ABOUT_RETURN_TYPE = YES_ERROR;
				GCC_WARN_UNDECLARED_SELECTOR = YES;
				GCC_WARN_UNINITIALIZED_AUTOS = YES_AGGRESSIVE;
				GCC_WARN_UNUSED_FUNCTION = YES;
				GCC_WARN_UNUSED_VARIABLE = YES;
				IPHONEOS_DEPLOYMENT_TARGET = 14.1;
				MTL_ENABLE_DEBUG_INFO = NO;
				MTL_FAST_MATH = YES;
				SDKROOT = iphoneos;
				SWIFT_COMPILATION_MODE = wholemodule;
				SWIFT_OPTIMIZATION_LEVEL = "-O";
				VALIDATE_PRODUCT = YES;
			};
			name = Release;
		};
		1BDF85F125D7F4C800ABE572 /* Debug */ = {
			isa = XCBuildConfiguration;
			buildSettings = {
				ASSETCATALOG_COMPILER_APPICON_NAME = "Pianoman Icon Version1";
				ASSETCATALOG_COMPILER_GLOBAL_ACCENT_COLOR_NAME = AccentColor;
				ASSETCATALOG_COMPILER_INCLUDE_ALL_APPICON_ASSETS = YES;
				CODE_SIGN_STYLE = Automatic;
				DEVELOPMENT_ASSET_PATHS = "\"Piano Practice App/Preview Content\"";
				DEVELOPMENT_TEAM = VXEUQDR462;
				ENABLE_PREVIEWS = YES;
				INFOPLIST_FILE = "Piano Practice App/Info.plist";
				IPHONEOS_DEPLOYMENT_TARGET = 14.1;
				LD_RUNPATH_SEARCH_PATHS = (
					"$(inherited)",
					"@executable_path/Frameworks",
				);
				PRODUCT_BUNDLE_IDENTIFIER = "jinkyumpark.Piano-Practice-App";
				PRODUCT_NAME = "$(TARGET_NAME)";
				SWIFT_VERSION = 5.0;
				TARGETED_DEVICE_FAMILY = 1;
			};
			name = Debug;
		};
		1BDF85F225D7F4C800ABE572 /* Release */ = {
			isa = XCBuildConfiguration;
			buildSettings = {
				ASSETCATALOG_COMPILER_APPICON_NAME = "Pianoman Icon Version1";
				ASSETCATALOG_COMPILER_GLOBAL_ACCENT_COLOR_NAME = AccentColor;
				ASSETCATALOG_COMPILER_INCLUDE_ALL_APPICON_ASSETS = YES;
				CODE_SIGN_STYLE = Automatic;
				DEVELOPMENT_ASSET_PATHS = "\"Piano Practice App/Preview Content\"";
				DEVELOPMENT_TEAM = VXEUQDR462;
				ENABLE_PREVIEWS = YES;
				INFOPLIST_FILE = "Piano Practice App/Info.plist";
				IPHONEOS_DEPLOYMENT_TARGET = 14.1;
				LD_RUNPATH_SEARCH_PATHS = (
					"$(inherited)",
					"@executable_path/Frameworks",
				);
				PRODUCT_BUNDLE_IDENTIFIER = "jinkyumpark.Piano-Practice-App";
				PRODUCT_NAME = "$(TARGET_NAME)";
				SWIFT_VERSION = 5.0;
				TARGETED_DEVICE_FAMILY = 1;
			};
			name = Release;
		};
		1BDF85F425D7F4C800ABE572 /* Debug */ = {
			isa = XCBuildConfiguration;
			buildSettings = {
				ALWAYS_EMBED_SWIFT_STANDARD_LIBRARIES = YES;
				BUNDLE_LOADER = "$(TEST_HOST)";
				CODE_SIGN_STYLE = Automatic;
				DEVELOPMENT_TEAM = VXEUQDR462;
				INFOPLIST_FILE = "Piano Practice AppTests/Info.plist";
				IPHONEOS_DEPLOYMENT_TARGET = 14.0;
				LD_RUNPATH_SEARCH_PATHS = (
					"$(inherited)",
					"@executable_path/Frameworks",
					"@loader_path/Frameworks",
				);
				PRODUCT_BUNDLE_IDENTIFIER = "jinkyumpark.Piano-Practice-AppTests";
				PRODUCT_NAME = "$(TARGET_NAME)";
				SWIFT_VERSION = 5.0;
				TARGETED_DEVICE_FAMILY = "1,2";
				TEST_HOST = "$(BUILT_PRODUCTS_DIR)/Piano Practice App.app/Piano Practice App";
			};
			name = Debug;
		};
		1BDF85F525D7F4C800ABE572 /* Release */ = {
			isa = XCBuildConfiguration;
			buildSettings = {
				ALWAYS_EMBED_SWIFT_STANDARD_LIBRARIES = YES;
				BUNDLE_LOADER = "$(TEST_HOST)";
				CODE_SIGN_STYLE = Automatic;
				DEVELOPMENT_TEAM = VXEUQDR462;
				INFOPLIST_FILE = "Piano Practice AppTests/Info.plist";
				IPHONEOS_DEPLOYMENT_TARGET = 14.0;
				LD_RUNPATH_SEARCH_PATHS = (
					"$(inherited)",
					"@executable_path/Frameworks",
					"@loader_path/Frameworks",
				);
				PRODUCT_BUNDLE_IDENTIFIER = "jinkyumpark.Piano-Practice-AppTests";
				PRODUCT_NAME = "$(TARGET_NAME)";
				SWIFT_VERSION = 5.0;
				TARGETED_DEVICE_FAMILY = "1,2";
				TEST_HOST = "$(BUILT_PRODUCTS_DIR)/Piano Practice App.app/Piano Practice App";
			};
			name = Release;
		};
		1BDF85F725D7F4C800ABE572 /* Debug */ = {
			isa = XCBuildConfiguration;
			buildSettings = {
				ALWAYS_EMBED_SWIFT_STANDARD_LIBRARIES = YES;
				CODE_SIGN_STYLE = Automatic;
				DEVELOPMENT_TEAM = VXEUQDR462;
				INFOPLIST_FILE = "Piano Practice AppUITests/Info.plist";
				LD_RUNPATH_SEARCH_PATHS = (
					"$(inherited)",
					"@executable_path/Frameworks",
					"@loader_path/Frameworks",
				);
				PRODUCT_BUNDLE_IDENTIFIER = "jinkyumpark.Piano-Practice-AppUITests";
				PRODUCT_NAME = "$(TARGET_NAME)";
				SWIFT_VERSION = 5.0;
				TARGETED_DEVICE_FAMILY = "1,2";
				TEST_TARGET_NAME = "Piano Practice App";
			};
			name = Debug;
		};
		1BDF85F825D7F4C800ABE572 /* Release */ = {
			isa = XCBuildConfiguration;
			buildSettings = {
				ALWAYS_EMBED_SWIFT_STANDARD_LIBRARIES = YES;
				CODE_SIGN_STYLE = Automatic;
				DEVELOPMENT_TEAM = VXEUQDR462;
				INFOPLIST_FILE = "Piano Practice AppUITests/Info.plist";
				LD_RUNPATH_SEARCH_PATHS = (
					"$(inherited)",
					"@executable_path/Frameworks",
					"@loader_path/Frameworks",
				);
				PRODUCT_BUNDLE_IDENTIFIER = "jinkyumpark.Piano-Practice-AppUITests";
				PRODUCT_NAME = "$(TARGET_NAME)";
				SWIFT_VERSION = 5.0;
				TARGETED_DEVICE_FAMILY = "1,2";
				TEST_TARGET_NAME = "Piano Practice App";
			};
			name = Release;
		};
/* End XCBuildConfiguration section */

/* Begin XCConfigurationList section */
		1BDF85C625D7F4C700ABE572 /* Build configuration list for PBXProject "Piano Practice App" */ = {
			isa = XCConfigurationList;
			buildConfigurations = (
				1BDF85EE25D7F4C800ABE572 /* Debug */,
				1BDF85EF25D7F4C800ABE572 /* Release */,
			);
			defaultConfigurationIsVisible = 0;
			defaultConfigurationName = Release;
		};
		1BDF85F025D7F4C800ABE572 /* Build configuration list for PBXNativeTarget "Piano Practice App" */ = {
			isa = XCConfigurationList;
			buildConfigurations = (
				1BDF85F125D7F4C800ABE572 /* Debug */,
				1BDF85F225D7F4C800ABE572 /* Release */,
			);
			defaultConfigurationIsVisible = 0;
			defaultConfigurationName = Release;
		};
		1BDF85F325D7F4C800ABE572 /* Build configuration list for PBXNativeTarget "Piano Practice AppTests" */ = {
			isa = XCConfigurationList;
			buildConfigurations = (
				1BDF85F425D7F4C800ABE572 /* Debug */,
				1BDF85F525D7F4C800ABE572 /* Release */,
			);
			defaultConfigurationIsVisible = 0;
			defaultConfigurationName = Release;
		};
		1BDF85F625D7F4C800ABE572 /* Build configuration list for PBXNativeTarget "Piano Practice AppUITests" */ = {
			isa = XCConfigurationList;
			buildConfigurations = (
				1BDF85F725D7F4C800ABE572 /* Debug */,
				1BDF85F825D7F4C800ABE572 /* Release */,
			);
			defaultConfigurationIsVisible = 0;
			defaultConfigurationName = Release;
		};
/* End XCConfigurationList section */
	};
	rootObject = 1BDF85C325D7F4C700ABE572 /* Project object */;
}
